
Microsoft Visual Studio Solution File, Format Version 12.00
# Visual Studio Version 16
VisualStudioVersion = 16.0.28531.58
MinimumVisualStudioVersion = 10.0.40219.1
Project("{9A19103F-16F7-4668-BE54-9A1E7A4F7556}") = "Shop.Common", "Shop.Common\Shop.Common.csproj", "{0AEC987B-99B0-4464-8CEF-FB09937334E6}"
EndProject
Project("{2150E333-8FDC-42A3-9474-1A3956D46DE8}") = "Backend", "Backend", "{27D66C1F-C710-46CB-A94E-DE7F8E608056}"
EndProject
Project("{9A19103F-16F7-4668-BE54-9A1E7A4F7556}") = "Shop.Web", "Shop.Web\Shop.Web.csproj", "{269065BD-512C-40AE-8B37-BCBD01A52B13}"
EndProject
Global
	GlobalSection(SolutionConfigurationPlatforms) = preSolution
		Debug|Any CPU = Debug|Any CPU
		Debug|iPhone = Debug|iPhone
		Debug|iPhoneSimulator = Debug|iPhoneSimulator
		Release|Any CPU = Release|Any CPU
		Release|iPhone = Release|iPhone
		Release|iPhoneSimulator = Release|iPhoneSimulator
	EndGlobalSection
	GlobalSection(ProjectConfigurationPlatforms) = postSolution
		{0AEC987B-99B0-4464-8CEF-FB09937334E6}.Debug|Any CPU.ActiveCfg = Debug|Any CPU
		{0AEC987B-99B0-4464-8CEF-FB09937334E6}.Debug|Any CPU.Build.0 = Debug|Any CPU
		{0AEC987B-99B0-4464-8CEF-FB09937334E6}.Debug|iPhone.ActiveCfg = Debug|Any CPU
		{0AEC987B-99B0-4464-8CEF-FB09937334E6}.Debug|iPhone.Build.0 = Debug|Any CPU
		{0AEC987B-99B0-4464-8CEF-FB09937334E6}.Debug|iPhoneSimulator.ActiveCfg = Debug|Any CPU
		{0AEC987B-99B0-4464-8CEF-FB09937334E6}.Debug|iPhoneSimulator.Build.0 = Debug|Any CPU
		{0AEC987B-99B0-4464-8CEF-FB09937334E6}.Release|Any CPU.ActiveCfg = Release|Any CPU
		{0AEC987B-99B0-4464-8CEF-FB09937334E6}.Release|Any CPU.Build.0 = Release|Any CPU
		{0AEC987B-99B0-4464-8CEF-FB09937334E6}.Release|iPhone.ActiveCfg = Release|Any CPU
		{0AEC987B-99B0-4464-8CEF-FB09937334E6}.Release|iPhone.Build.0 = Release|Any CPU
		{0AEC987B-99B0-4464-8CEF-FB09937334E6}.Release|iPhoneSimulator.ActiveCfg = Release|Any CPU
		{0AEC987B-99B0-4464-8CEF-FB09937334E6}.Release|iPhoneSimulator.Build.0 = Release|Any CPU
		{269065BD-512C-40AE-8B37-BCBD01A52B13}.Debug|Any CPU.ActiveCfg = Debug|Any CPU
		{269065BD-512C-40AE-8B37-BCBD01A52B13}.Debug|Any CPU.Build.0 = Debug|Any CPU
		{269065BD-512C-40AE-8B37-BCBD01A52B13}.Debug|iPhone.ActiveCfg = Debug|Any CPU
		{269065BD-512C-40AE-8B37-BCBD01A52B13}.Debug|iPhone.Build.0 = Debug|Any CPU
		{269065BD-512C-40AE-8B37-BCBD01A52B13}.Debug|iPhoneSimulator.ActiveCfg = Debug|Any CPU
		{269065BD-512C-40AE-8B37-BCBD01A52B13}.Debug|iPhoneSimulator.Build.0 = Debug|Any CPU
		{269065BD-512C-40AE-8B37-BCBD01A52B13}.Release|Any CPU.ActiveCfg = Release|Any CPU
		{269065BD-512C-40AE-8B37-BCBD01A52B13}.Release|Any CPU.Build.0 = Release|Any CPU
		{269065BD-512C-40AE-8B37-BCBD01A52B13}.Release|iPhone.ActiveCfg = Release|Any CPU
		{269065BD-512C-40AE-8B37-BCBD01A52B13}.Release|iPhone.Build.0 = Release|Any CPU
		{269065BD-512C-40AE-8B37-BCBD01A52B13}.Release|iPhoneSimulator.ActiveCfg = Release|Any CPU
		{269065BD-512C-40AE-8B37-BCBD01A52B13}.Release|iPhoneSimulator.Build.0 = Release|Any CPU
	EndGlobalSection
	GlobalSection(SolutionProperties) = preSolution
		HideSolutionNode = FALSE
	EndGlobalSection
	GlobalSection(NestedProjects) = preSolution
		{269065BD-512C-40AE-8B37-BCBD01A52B13} = {27D66C1F-C710-46CB-A94E-DE7F8E608056}
	EndGlobalSection
	GlobalSection(ExtensibilityGlobals) = postSolution
		SolutionGuid = {6B74CDD4-F090-47FC-8971-2887AE0FEDB7}
	EndGlobalSection
EndGlobal
